# This file is automatically @generated by Poetry 2.4.1 and should not be changed by hand.

[[package]]
name = "colorama"
version = "0.4.6"
description = "Cross-platform colored terminal text."
optional = false
python-versions = "!=3.0.*,!=3.1.*,!=3.2.*,!=3.3.*,!=3.4.*,!=3.5.*,!=3.6.*,>=2.7"
groups = ["dev"]
markers = "sys_platform == \"win32\""
files = [
    {file = "colorama-0.4.6-py2.py3-none-any.whl", hash = "sha256:4f1d9991f5acc0ca119f9d443620b77f9d6b33703e51011c16baf57afb285fc6"},
    {file = "colorama-0.4.6.tar.gz", hash = "sha256:08695f5cb7ed6e0531a20572697297273c47b8cae5a63ffc6d6ed5c201be6e44"},
]

[[package]]
name = "iniconfig"
version = "2.0.0"
description = "brain-dead simple config-ini parsing"
optional = false
python-versions = ">=3.7"
groups = ["dev"]
files = [
    {file = "iniconfig-2.0.0-py3-none-any.whl", hash = "sha256:b6a85871a79d2e3b22d2d1b94ac2824226a63c6b741c88f7ae975f18b6778374"},
    {file = "iniconfig-2.0.0.tar.gz", hash = "sha256:2d91e135bf72d31a410b17c16da610a82cb55f6b0477d1a902134b24a455b8b3"},
]

[[package]]
name = "maturin"
version = "1.7.4"
description = "Build and publish crates with pyo3, cffi and uniffi bindings as well as rust binaries as python packages"
optional = false
python-versions = ">=3.7"
groups = ["main"]
files = [
    {file = "maturin-1.7.4-py3-none-linux_armv6l.whl", hash = "sha256:eb7b7753b733ae302c08f80bca7b0c3fda1eea665c2b1922c58795f35a54c833"},
    {file = "maturin-1.7.4-py3-none-macosx_10_12_x86_64.macosx_11_0_arm64.macosx_10_12_universal2.whl", hash = "sha256:0182a9638399c8835afd39d2aeacf56908e37cba3f7abb15816b9df6774fab81"},
    {file = "maturin-1.7.4-py3-none-macosx_10_12_x86_64.whl", hash = "sha256:41a29c5b23f3ebdfe7633637e3de256579a1b2700c04cd68c16ed46934440c5a"},
    {file = "maturin-1.7.4-py3-none-manylinux_2_12_i686.manylinux2010_i686.musllinux_1_1_i686.whl", hash = "sha256:23fae44e345a2da5cb391ae878726fb793394826e2f97febe41710bd4099460e"},
    {file = "maturin-1.7.4-py3-none-manylinux_2_12_x86_64.manylinux2010_x86_64.musllinux_1_1_x86_64.whl", hash = "sha256:8b441521c151f0dbe70ed06fb1feb29b855d787bda038ff4330ca962e5d56641"},
    {file = "maturin-1.7.4-py3-none-manylinux_2_17_aarch64.manylinux2014_aarch64.musllinux_1_1_aarch64.whl", hash = "sha256:7ccb66d0c5297cf06652c5f72cb398f447d3a332eccf5d1e73b3fe14dbc9498c"},
    {file = "maturin-1.7.4-py3-none-manylinux_2_17_armv7l.manylinux2014_armv7l.musllinux_1_1_armv7l.whl", hash = "sha256:71f668f19e719048605dbca6a1f4d0dc03b987c922ad9c4bf5be03b9b278e4c3"},
    {file = "maturin-1.7.4-py3-none-manylinux_2_17_ppc64le.manylinux2014_ppc64le.musllinux_1_1_ppc64le.whl", hash = "sha256:c179fcb2b494f19186781b667320e43d95b3e71fcb1c98fffad9ef6bd6e276b3"},
    {file = "maturin-1.7.4-py3-none-manylinux_2_17_s390x.manylinux2014_s390x.whl", hash = "sha256:fd5b4b95286f2f376437340f8a4908f4761587212170263084455be8099099a7"},
    {file = "maturin-1.7.4-py3-none-win32.whl", hash = "sha256:35487a424467d1fda4567cbb02d21f09febb10eda22f5fd647b130bc0767dc61"},
    {file = "maturin-1.7.4-py3-none-win_amd64.whl", hash = "sha256:f70c1c8ec9bd4749a53c0f3ae8fdbb326ce45be4f1c5551985ee25a6d7150328"},
    {file = "maturin-1.7.4-py3-none-win_arm64.whl", hash = "sha256:f3d38a6d0c7fd7b04bec30dd470b2173cf9bd184ab6220c1acaf49df6b48faf5"},
    {file = "maturin-1.7.4.tar.gz", hash = "sha256:2b349d742a07527d236f0b4b6cab26f53ebecad0ceabfc09ec4c6a396e3176f9"},
]

[package.extras]
patchelf = ["patchelf"]
zig = ["ziglang (>=0.10.0,<0.13.0)"]

[[package]]
name = "packaging"
version = "24.2"
description = "Core utilities for Python packages"
optional = false
python-versions = ">=3.8"
groups = ["dev"]
files = [
    {file = "packaging-24.2-py3-none-any.whl", hash = "sha256:09abb1bccd265c01f4a3aa3f7a7db064b36514d2cba19a2f694fe6150451a759"},
    {file = "packaging-24.2.tar.gz", hash = "sha256:c228a6dc5e932d346bc5739379109d49e8853dd8223571c7c5b55260edc0b97f"},
]

[[package]]
name = "pluggy"
version = "1.5.0"
description = "plugin and hook calling mechanisms for python"
optional = false
python-versions = ">=3.8"
groups = ["dev"]
files = [
    {file = "pluggy-1.5.0-py3-none-any.whl", hash = "sha256:44e1ad92c8ca002de6377e165f3e0f1be63266ab4d554740532335b9d75ea669"},
    {file = "pluggy-1.5.0.tar.gz", hash = "sha256:2cffa88e94fdc978c4c574f15f9e59b7f4201d439195c3715ca9e2486f1d0cf1"},
]

[package.extras]
dev = ["pre-commit", "tox"]
testing = ["pytest", "pytest-benchmark"]

[[package]]
name = "pygments"
version = "2.20.0"
description = "Pygments is a syntax highlighting package written in Python."
optional = false
python-versions = ">=3.9"
groups = ["dev"]
files = [
    {file = "pygments-2.20.0-py3-none-any.whl", hash = "sha256:81a9e26dd42fd28a23a2d169d86d7ac03b46e2f8b59ed4698fb4785f946d0176"},
    {file = "pygments-2.20.0.tar.gz", hash = "sha256:6757cd03768053ff99f3039c1a36d6c0aa0b263438fcab17520b30a303a82b5f"},
]

[package.extras]
windows-terminal = ["colorama (>=0.4.6)"]

[[package]]
name = "pytest"
version = "9.1.1"
description = "pytest: simple powerful testing with Python"
optional = false
python-versions = ">=3.10"
groups = ["dev"]
files = [
    {file = "pytest-9.1.1-py3-none-any.whl", hash = "sha256:37a86b45efb9a47a61a36449063e8e18d0cab3161329fc099eb21783169c4f0c"},
    {file = "pytest-9.1.1.tar.gz", hash = "sha256:1088fbde8f2b49d95a549a195707afa7a76a3ce9bcadc26b6d71f0ffda5fe313"},
]

[package.dependencies]
colorama = {version = ">=0.4", markers = "sys_platform == \"win32\""}
iniconfig = ">=1.0.1"
packaging = ">=22"
pluggy = ">=1.5,<2"
pygments = ">=2.7.2"

[package.extras]
dev = ["argcomplete", "attrs (>=19.2)", "hypothesis (>=3.56)", "mock", "requests", "setuptools", "xmlschema"]

[[package]]
name = "pytest-asyncio"
version = "1.4.0"
description = "Pytest support for asyncio"
optional = false
python-versions = ">=3.10"
groups = ["dev"]
files = [
    {file = "pytest_asyncio-1.4.0-py3-none-any.whl", hash = "sha256:933ca923a23075a87fb7070c0ec272a6848489824d887c85c812670932835aa1"},
    {file = "pytest_asyncio-1.4.0.tar.gz", hash = "sha256:c6c0d2259945122819f171a32ecea2c349ead889ee28176caaf492143424be42"},
]

[package.dependencies]
pytest = ">=8.4,<10"
typing-extensions = {version = ">=4.12", markers = "python_version < \"3.13\""}

[package.extras]
docs = ["sphinx (>=5.3)", "sphinx-rtd-theme (>=1)", "sphinx-tabs (>=3.5)"]
testing = ["coverage (>=6.2)", "hypothesis (>=5.7.1)"]

[[package]]
name = "typing-extensions"
version = "4.15.0"
description = "Backported and Experimental Type Hints for Python 3.9+"
optional = false
python-versions = ">=3.9"
groups = ["dev"]
markers = "python_version < \"3.13\""
files = [
    {file = "typing_extensions-4.15.0-py3-none-any.whl", hash = "sha256:f0fa19c6845758ab08074a0cfa8b7aecb71c999ca73d62883bc25cc018c4e548"},
    {file = "typing_extensions-4.15.0.tar.gz", hash = "sha256:0cea48d173cc12fa28ecabc3b837ea3cf6f38c6d1136f85cbaaf598984861466"},
]

[metadata]
lock-version = "2.1"
python-versions = ">=3.11,<=3.14"
content-hash = "408d4c746fcf367d8802ae5b8189e77a2bdca19cc4afb7dcce6489642a7f3de4"
